// !$*UTF8*$!
{
	archiveVersion = 1;
	classes = {
	};
	objectVersion = 50;
	objects = {

/* Begin PBXBuildFile section */
		9F3E02602616792F00AFC707 /* playsoundsviewcontroller-audio.swift in Sources */ = {isa = PBXBuildFile; fileRef = 9F3E025F2616792F00AFC707 /* playsoundsviewcontroller-audio.swift */; };
		9F74F83126143D4500BCBB73 /* PlaySoundsViewController.swift in Sources */ = {isa = PBXBuildFile; fileRef = 9F74F83026143D4500BCBB73 /* PlaySoundsViewController.swift */; };
		9FDDE9B126086C0500C1FE9E /* AppDelegate.swift in Sources */ = {isa = PBXBuildFile; fileRef = 9FDDE9B026086C0500C1FE9E /* AppDelegate.swift */; };
		9FDDE9B326086C0500C1FE9E /* SceneDelegate.swift in Sources */ = {isa = PBXBuildFile; fileRef = 9FDDE9B226086C0500C1FE9E /* SceneDelegate.swift */; };
		9FDDE9B526086C0500C1FE9E /* RecordSoundsViewController.swift in Sources */ = {isa = PBXBuildFile; fileRef = 9FDDE9B426086C0500C1FE9E /* RecordSoundsViewController.swift */; };
		9FDDE9B826086C0500C1FE9E /* Main.storyboard in Resources */ = {isa = PBXBuildFile; fileRef = 9FDDE9B626086C0500C1FE9E /* Main.storyboard */; };
		9FDDE9BA26086C0600C1FE9E /* Assets.xcassets in Resources */ = {isa = PBXBuildFile; fileRef = 9FDDE9B926086C0600C1FE9E /* Assets.xcassets */; };
		9FDDE9BD26086C0600C1FE9E /* LaunchScreen.storyboard in Resources */ = {isa = PBXBuildFile; fileRef = 9FDDE9BB26086C0600C1FE9E /* LaunchScreen.storyboard */; };
		9FDDE9C826086C0700C1FE9E /* PitchPerfectTests.swift in Sources */ = {isa = PBXBuildFile; fileRef = 9FDDE9C726086C0700C1FE9E /* PitchPerfectTests.swift */; };
		9FDDE9D326086C0700C1FE9E /* PitchPerfectUITests.swift in Sources */ = {isa = PBXBuildFile; fileRef = 9FDDE9D226086C0700C1FE9E /* PitchPerfectUITests.swift */; };
/* End PBXBuildFile section */

/* Begin PBXContainerItemProxy section */
		9FDDE9C426086C0700C1FE9E /* PBXContainerItemProxy */ = {
			isa = PBXContainerItemProxy;
			containerPortal = 9FDDE9A526086C0500C1FE9E /* Project object */;
			proxyType = 1;
			remoteGlobalIDString = 9FDDE9AC26086C0500C1FE9E;
			remoteInfo = PitchPerfect;
		};
		9FDDE9CF26086C0700C1FE9E /* PBXContainerItemProxy */ = {
			isa = PBXContainerItemProxy;
			containerPortal = 9FDDE9A526086C0500C1FE9E /* Project object */;
			proxyType = 1;
			remoteGlobalIDString = 9FDDE9AC26086C0500C1FE9E;
			remoteInfo = PitchPerfect;
		};
/* End PBXContainerItemProxy section */

/* Begin PBXFileReference section */
		9F3E025F2616792F00AFC707 /* playsoundsviewcontroller-audio.swift */ = {isa = PBXFileReference; fileEncoding = 4; lastKnownFileType = sourcecode.swift; path = "playsoundsviewcontroller-audio.swift"; sourceTree = "<group>"; };
		9F74F83026143D4500BCBB73 /* PlaySoundsViewController.swift */ = {isa = PBXFileReference; lastKnownFileType = sourcecode.swift; path = PlaySoundsViewController.swift; sourceTree = "<group>"; };
		9FDDE9AD26086C0500C1FE9E /* PitchPerfect.app */ = {isa = PBXFileReference; explicitFileType = wrapper.application; includeInIndex = 0; path = PitchPerfect.app; sourceTree = BUILT_PRODUCTS_DIR; };
		9FDDE9B026086C0500C1FE9E /* AppDelegate.swift */ = {isa = PBXFileReference; lastKnownFileType = sourcecode.swift; path = AppDelegate.swift; sourceTree = "<group>"; };
		9FDDE9B226086C0500C1FE9E /* SceneDelegate.swift */ = {isa = PBXFileReference; lastKnownFileType = sourcecode.swift; path = SceneDelegate.swift; sourceTree = "<group>"; };
		9FDDE9B426086C0500C1FE9E /* RecordSoundsViewController.swift */ = {isa = PBXFileReference; lastKnownFileType = sourcecode.swift; path = RecordSoundsViewController.swift; sourceTree = "<group>"; };
		9FDDE9B726086C0500C1FE9E /* Base */ = {isa = PBXFileReference; lastKnownFileType = file.storyboard; name = Base; path = Base.lproj/Main.storyboard; sourceTree = "<group>"; };
		9FDDE9B926086C0600C1FE9E /* Assets.xcassets */ = {isa = PBXFileReference; lastKnownFileType = folder.assetcatalog; path = Assets.xcassets; sourceTree = "<group>"; };
		9FDDE9BC26086C0600C1FE9E /* Base */ = {isa = PBXFileReference; lastKnownFileType = file.storyboard; name = Base; path = Base.lproj/LaunchScreen.storyboard; sourceTree = "<group>"; };
		9FDDE9BE26086C0600C1FE9E /* Info.plist */ = {isa = PBXFileReference; lastKnownFileType = text.plist.xml; path = Info.plist; sourceTree = "<group>"; };
		9FDDE9C326086C0700C1FE9E /* PitchPerfectTests.xctest */ = {isa = PBXFileReference; explicitFileType = wrapper.cfbundle; includeInIndex = 0; path = PitchPerfectTests.xctest; sourceTree = BUILT_PRODUCTS_DIR; };
		9FDDE9C726086C0700C1FE9E /* PitchPerfectTests.swift */ = {isa = PBXFileReference; lastKnownFileType = sourcecode.swift; path = PitchPerfectTests.swift; sourceTree = "<group>"; };
		9FDDE9C926086C0700C1FE9E /* Info.plist */ = {isa = PBXFileReference; lastKnownFileType = text.plist.xml; path = Info.plist; sourceTree = "<group>"; };
		9FDDE9CE26086C0700C1FE9E /* PitchPerfectUITests.xctest */ = {isa = PBXFileReference; explicitFileType = wrapper.cfbundle; includeInIndex = 0; path = PitchPerfectUITests.xctest; sourceTree = BUILT_PRODUCTS_DIR; };
		9FDDE9D226086C0700C1FE9E /* PitchPerfectUITests.swift */ = {isa = PBXFileReference; lastKnownFileType = sourcecode.swift; path = PitchPerfectUITests.swift; sourceTree = "<group>"; };
		9FDDE9D426086C0700C1FE9E /* Info.plist */ = {isa = PBXFileReference; lastKnownFileType = text.plist.xml; path = Info.plist; sourceTree = "<group>"; };
/* End PBXFileReference section */

/* Begin PBXFrameworksBuildPhase section */
		9FDDE9AA26086C0500C1FE9E /* Frameworks */ = {
			isa = PBXFrameworksBuildPhase;
			buildActionMask = 2147483647;
			files = (
			);
			runOnlyForDeploymentPostprocessing = 0;
		};
		9FDDE9C026086C0700C1FE9E /* Frameworks */ = {
			isa = PBXFrameworksBuildPhase;
			buildActionMask = 2147483647;
			files = (
			);
			runOnlyForDeploymentPostprocessing = 0;
		};
		9FDDE9CB26086C0700C1FE9E /* Frameworks */ = {
			isa = PBXFrameworksBuildPhase;
			buildActionMask = 2147483647;
			files = (
			);
			runOnlyForDeploymentPostprocessing = 0;
		};
/* End PBXFrameworksBuildPhase section */

/* Begin PBXGroup section */
		9FDDE9A426086C0500C1FE9E = {
			isa = PBXGroup;
			children = (
				9FDDE9AF26086C0500C1FE9E /* PitchPerfect */,
				9FDDE9C626086C0700C1FE9E /* PitchPerfectTests */,
				9FDDE9D126086C0700C1FE9E /* PitchPerfectUITests */,
				9FDDE9AE26086C0500C1FE9E /* Products */,
			);
			sourceTree = "<group>";
		};
		9FDDE9AE26086C0500C1FE9E /* Products */ = {
			isa = PBXGroup;
			children = (
				9FDDE9AD26086C0500C1FE9E /* PitchPerfect.app */,
				9FDDE9C326086C0700C1FE9E /* PitchPerfectTests.xctest */,
				9FDDE9CE26086C0700C1FE9E /* PitchPerfectUITests.xctest */,
			);
			name = Products;
			sourceTree = "<group>";
		};
		9FDDE9AF26086C0500C1FE9E /* PitchPerfect */ = {
			isa = PBXGroup;
			children = (
				9FDDE9B026086C0500C1FE9E /* AppDelegate.swift */,
				9FDDE9B226086C0500C1FE9E /* SceneDelegate.swift */,
				9FDDE9B426086C0500C1FE9E /* RecordSoundsViewController.swift */,
				9FDDE9B626086C0500C1FE9E /* Main.storyboard */,
				9FDDE9B926086C0600C1FE9E /* Assets.xcassets */,
				9FDDE9BB26086C0600C1FE9E /* LaunchScreen.storyboard */,
				9FDDE9BE26086C0600C1FE9E /* Info.plist */,
				9F74F83026143D4500BCBB73 /* PlaySoundsViewController.swift */,
				9F3E025F2616792F00AFC707 /* playsoundsviewcontroller-audio.swift */,
			);
			path = PitchPerfect;
			sourceTree = "<group>";
		};
		9FDDE9C626086C0700C1FE9E /* PitchPerfectTests */ = {
			isa = PBXGroup;
			children = (
				9FDDE9C726086C0700C1FE9E /* PitchPerfectTests.swift */,
				9FDDE9C926086C0700C1FE9E /* Info.plist */,
			);
			path = PitchPerfectTests;
			sourceTree = "<group>";
		};
		9FDDE9D126086C0700C1FE9E /* PitchPerfectUITests */ = {
			isa = PBXGroup;
			children = (
				9FDDE9D226086C0700C1FE9E /* PitchPerfectUITests.swift */,
				9FDDE9D426086C0700C1FE9E /* Info.plist */,
			);
			path = PitchPerfectUITests;
			sourceTree = "<group>";
		};
/* End PBXGroup section */

/* Begin PBXNativeTarget section */
		9FDDE9AC26086C0500C1FE9E /* PitchPerfect */ = {
			isa = PBXNativeTarget;
			buildConfigurationList = 9FDDE9D726086C0700C1FE9E /* Build configuration list for PBXNativeTarget "PitchPerfect" */;
			buildPhases = (
				9FDDE9A926086C0500C1FE9E /* Sources */,
				9FDDE9AA26086C0500C1FE9E /* Frameworks */,
				9FDDE9AB26086C0500C1FE9E /* Resources */,
			);
			buildRules = (
			);
			dependencies = (
			);
			name = PitchPerfect;
			productName = PitchPerfect;
			productReference = 9FDDE9AD26086C0500C1FE9E /* PitchPerfect.app */;
			productType = "com.apple.product-type.application";
		};
		9FDDE9C226086C0700C1FE9E /* PitchPerfectTests */ = {
			isa = PBXNativeTarget;
			buildConfigurationList = 9FDDE9DA26086C0700C1FE9E /* Build configuration list for PBXNativeTarget "PitchPerfectTests" */;
			buildPhases = (
				9FDDE9BF26086C0700C1FE9E /* Sources */,
				9FDDE9C026086C0700C1FE9E /* Frameworks */,
				9FDDE9C126086C0700C1FE9E /* Resources */,
			);
			buildRules = (
			);
			dependencies = (
				9FDDE9C526086C0700C1FE9E /* PBXTargetDependency */,
			);
			name = PitchPerfectTests;
			productName = PitchPerfectTests;
			productReference = 9FDDE9C326086C0700C1FE9E /* PitchPerfectTests.xctest */;
			productType = "com.apple.product-type.bundle.unit-test";
		};
		9FDDE9CD26086C0700C1FE9E /* PitchPerfectUITests */ = {
			isa = PBXNativeTarget;
			buildConfigurationList = 9FDDE9DD26086C0700C1FE9E /* Build configuration list for PBXNativeTarget "PitchPerfectUITests" */;
			buildPhases = (
				9FDDE9CA26086C0700C1FE9E /* Sources */,
				9FDDE9CB26086C0700C1FE9E /* Frameworks */,
				9FDDE9CC26086C0700C1FE9E /* Resources */,
			);
			buildRules = (
			);
			dependencies = (
				9FDDE9D026086C0700C1FE9E /* PBXTargetDependency */,
			);
			name = PitchPerfectUITests;
			productName = PitchPerfectUITests;
			productReference = 9FDDE9CE26086C0700C1FE9E /* PitchPerfectUITests.xctest */;
			productType = "com.apple.product-type.bundle.ui-testing";
		};
/* End PBXNativeTarget section */

/* Begin PBXProject section */
		9FDDE9A526086C0500C1FE9E /* Project object */ = {
			isa = PBXProject;
			attributes = {
				LastSwiftUpdateCheck = 1240;
				LastUpgradeCheck = 1240;
				TargetAttributes = {
					9FDDE9AC26086C0500C1FE9E = {
						CreatedOnToolsVersion = 12.4;
					};
					9FDDE9C226086C0700C1FE9E = {
						CreatedOnToolsVersion = 12.4;
						TestTargetID = 9FDDE9AC26086C0500C1FE9E;
					};
					9FDDE9CD26086C0700C1FE9E = {
						CreatedOnToolsVersion = 12.4;
						TestTargetID = 9FDDE9AC26086C0500C1FE9E;
					};
				};
			};
			buildConfigurationList = 9FDDE9A826086C0500C1FE9E /* Build configuration list for PBXProject "PitchPerfect" */;
			compatibilityVersion = "Xcode 9.3";
			developmentRegion = en;
			hasScannedForEncodings = 0;
			knownRegions = (
				en,
				Base,
			);
			mainGroup = 9FDDE9A426086C0500C1FE9E;
			productRefGroup = 9FDDE9AE26086C0500C1FE9E /* Products */;
			projectDirPath = "";
			projectRoot = "";
			targets = (
				9FDDE9AC26086C0500C1FE9E /* PitchPerfect */,
				9FDDE9C226086C0700C1FE9E /* PitchPerfectTests */,
				9FDDE9CD26086C0700C1FE9E /* PitchPerfectUITests */,
			);
		};
/* End PBXProject section */

/* Begin PBXResourcesBuildPhase section */
		9FDDE9AB26086C0500C1FE9E /* Resources */ = {
			isa = PBXResourcesBuildPhase;
			buildActionMask = 2147483647;
			files = (
				9FDDE9BD26086C0600C1FE9E /* LaunchScreen.storyboard in Resources */,
				9FDDE9BA26086C0600C1FE9E /* Assets.xcassets in Resources */,
				9FDDE9B826086C0500C1FE9E /* Main.storyboard in Resources */,
			);
			runOnlyForDeploymentPostprocessing = 0;
		};
		9FDDE9C126086C0700C1FE9E /* Resources */ = {
			isa = PBXResourcesBuildPhase;
			buildActionMask = 2147483647;
			files = (
			);
			runOnlyForDeploymentPostprocessing = 0;
		};
		9FDDE9CC26086C0700C1FE9E /* Resources */ = {
			isa = PBXResourcesBuildPhase;
			buildActionMask = 2147483647;
			files = (
			);
			runOnlyForDeploymentPostprocessing = 0;
		};
/* End PBXResourcesBuildPhase section */

/* Begin PBXSourcesBuildPhase section */
		9FDDE9A926086C0500C1FE9E /* Sources */ = {
			isa = PBXSourcesBuildPhase;
			buildActionMask = 2147483647;
			files = (
				9FDDE9B526086C0500C1FE9E /* RecordSoundsViewController.swift in Sources */,
				9F3E02602616792F00AFC707 /* playsoundsviewcontroller-audio.swift in Sources */,
				9FDDE9B126086C0500C1FE9E /* AppDelegate.swift in Sources */,
				9F74F83126143D4500BCBB73 /* PlaySoundsViewController.swift in Sources */,
				9FDDE9B326086C0500C1FE9E /* SceneDelegate.swift in Sources */,
			);
			runOnlyForDeploymentPostprocessing = 0;
		};
		9FDDE9BF26086C0700C1FE9E /* Sources */ = {
			isa = PBXSourcesBuildPhase;
			buildActionMask = 2147483647;
			files = (
				9FDDE9C826086C0700C1FE9E /* PitchPerfectTests.swift in Sources */,
			);
			runOnlyForDeploymentPostprocessing = 0;
		};
		9FDDE9CA26086C0700C1FE9E /* Sources */ = {
			isa = PBXSourcesBuildPhase;
			buildActionMask = 2147483647;
			files = (
				9FDDE9D326086C0700C1FE9E /* PitchPerfectUITests.swift in Sources */,
			);
			runOnlyForDeploymentPostprocessing = 0;
		};
/* End PBXSourcesBuildPhase section */

/* Begin PBXTargetDependency section */
		9FDDE9C526086C0700C1FE9E /* PBXTargetDependency */ = {
			isa = PBXTargetDependency;
			target = 9FDDE9AC26086C0500C1FE9E /* PitchPerfect */;
			targetProxy = 9FDDE9C426086C0700C1FE9E /* PBXContainerItemProxy */;
		};
		9FDDE9D026086C0700C1FE9E /* PBXTargetDependency */ = {
			isa = PBXTargetDependency;
			target = 9FDDE9AC26086C0500C1FE9E /* PitchPerfect */;
			targetProxy = 9FDDE9CF26086C0700C1FE9E /* PBXContainerItemProxy */;
		};
/* End PBXTargetDependency section */

/* Begin PBXVariantGroup section */
		9FDDE9B626086C0500C1FE9E /* Main.storyboard */ = {
			isa = PBXVariantGroup;
			children = (
				9FDDE9B726086C0500C1FE9E /* Base */,
			);
			name = Main.storyboard;
			sourceTree = "<group>";
		};
		9FDDE9BB26086C0600C1FE9E /* LaunchScreen.storyboard */ = {
			isa = PBXVariantGroup;
			children = (
				9FDDE9BC26086C0600C1FE9E /* Base */,
			);
			name = LaunchScreen.storyboard;
			sourceTree = "<group>";
		};
/* End PBXVariantGroup section */

/* Begin XCBuildConfiguration section */
		9FDDE9D526086C0700C1FE9E /* Debug */ = {
			isa = XCBuildConfiguration;
			buildSettings = {
				ALWAYS_SEARCH_USER_PATHS = NO;
				CLANG_ANALYZER_NONNULL = YES;
				CLANG_ANALYZER_NUMBER_OBJECT_CONVERSION = YES_AGGRESSIVE;
				CLANG_CXX_LANGUAGE_STANDARD = "gnu++14";
				CLANG_CXX_LIBRARY = "libc++";
				CLANG_ENABLE_MODULES = YES;
				CLANG_ENABLE_OBJC_ARC = YES;
				CLANG_ENABLE_OBJC_WEAK = YES;
				CLANG_WARN_BLOCK_CAPTURE_AUTORELEASING = YES;
				CLANG_WARN_BOOL_CONVERSION = YES;
				CLANG_WARN_COMMA = YES;
				CLANG_WARN_CONSTANT_CONVERSION = YES;
				CLANG_WARN_DEPRECATED_OBJC_IMPLEMENTATIONS = YES;
				CLANG_WARN_DIRECT_OBJC_ISA_USAGE = YES_ERROR;
				CLANG_WARN_DOCUMENTATION_COMMENTS = YES;
				CLANG_WARN_EMPTY_BODY = YES;
				CLANG_WARN_ENUM_CONVERSION = YES;
				CLANG_WARN_INFINITE_RECURSION = YES;
				CLANG_WARN_INT_CONVERSION = YES;
				CLANG_WARN_NON_LITERAL_NULL_CONVERSION = YES;
				CLANG_WARN_OBJC_IMPLICIT_RETAIN_SELF = YES;
				CLANG_WARN_OBJC_LITERAL_CONVERSION = YES;
				CLANG_WARN_OBJC_ROOT_CLASS = YES_ERROR;
				CLANG_WARN_QUOTED_INCLUDE_IN_FRAMEWORK_HEADER = YES;
				CLANG_WARN_RANGE_LOOP_ANALYSIS = YES;
				CLANG_WARN_STRICT_PROTOTYPES = YES;
				CLANG_WARN_SUSPICIOUS_MOVE = YES;
				CLANG_WARN_UNGUARDED_AVAILABILITY = YES_AGGRESSIVE;
				CLANG_WARN_UNREACHABLE_CODE = YES;
				CLANG_WARN__DUPLICATE_METHOD_MATCH = YES;
				COPY_PHASE_STRIP = NO;
				DEBUG_INFORMATION_FORMAT = dwarf;
				ENABLE_STRICT_OBJC_MSGSEND = YES;
				ENABLE_TESTABILITY = YES;
				GCC_C_LANGUAGE_STANDARD = gnu11;
				GCC_DYNAMIC_NO_PIC = NO;
				GCC_NO_COMMON_BLOCKS = YES;
				GCC_OPTIMIZATION_LEVEL = 0;
				GCC_PREPROCESSOR_DEFINITIONS = (
					"DEBUG=1",
					"$(inherited)",
				);
				GCC_WARN_64_TO_32_BIT_CONVERSION = YES;
				GCC_WARN_ABOUT_RETURN_TYPE = YES_ERROR;
				GCC_WARN_UNDECLARED_SELECTOR = YES;
				GCC_WARN_UNINITIALIZED_AUTOS = YES_AGGRESSIVE;
				GCC_WARN_UNUSED_FUNCTION = YES;
				GCC_WARN_UNUSED_VARIABLE = YES;
				IPHONEOS_DEPLOYMENT_TARGET = 14.4;
				MTL_ENABLE_DEBUG_INFO = INCLUDE_SOURCE;
				MTL_FAST_MATH = YES;
				ONLY_ACTIVE_ARCH = YES;
				SDKROOT = iphoneos;
				SWIFT_ACTIVE_COMPILATION_CONDITIONS = DEBUG;
				SWIFT_OPTIMIZATION_LEVEL = "-Onone";
			};
			name = Debug;
		};
		9FDDE9D626086C0700C1FE9E /* Release */ = {
			isa = XCBuildConfiguration;
			buildSettings = {
				ALWAYS_SEARCH_USER_PATHS = NO;
				CLANG_ANALYZER_NONNULL = YES;
				CLANG_ANALYZER_NUMBER_OBJECT_CONVERSION = YES_AGGRESSIVE;
				CLANG_CXX_LANGUAGE_STANDARD = "gnu++14";
				CLANG_CXX_LIBRARY = "libc++";
				CLANG_ENABLE_MODULES = YES;
				CLANG_ENABLE_OBJC_ARC = YES;
				CLANG_ENABLE_OBJC_WEAK = YES;
				CLANG_WARN_BLOCK_CAPTURE_AUTORELEASING = YES;
				CLANG_WARN_BOOL_CONVERSION = YES;
				CLANG_WARN_COMMA = YES;
				CLANG_WARN_CONSTANT_CONVERSION = YES;
				CLANG_WARN_DEPRECATED_OBJC_IMPLEMENTATIONS = YES;
				CLANG_WARN_DIRECT_OBJC_ISA_USAGE = YES_ERROR;
				CLANG_WARN_DOCUMENTATION_COMMENTS = YES;
				CLANG_WARN_EMPTY_BODY = YES;
				CLANG_WARN_ENUM_CONVERSION = YES;
				CLANG_WARN_INFINITE_RECURSION = YES;
				CLANG_WARN_INT_CONVERSION = YES;
				CLANG_WARN_NON_LITERAL_NULL_CONVERSION = YES;
				CLANG_WARN_OBJC_IMPLICIT_RETAIN_SELF = YES;
				CLANG_WARN_OBJC_LITERAL_CONVERSION = YES;
				CLANG_WARN_OBJC_ROOT_CLASS = YES_ERROR;
				CLANG_WARN_QUOTED_INCLUDE_IN_FRAMEWORK_HEADER = YES;
				CLANG_WARN_RANGE_LOOP_ANALYSIS = YES;
				CLANG_WARN_STRICT_PROTOTYPES = YES;
				CLANG_WARN_SUSPICIOUS_MOVE = YES;
				CLANG_WARN_UNGUARDED_AVAILABILITY = YES_AGGRESSIVE;
				CLANG_WARN_UNREACHABLE_CODE = YES;
				CLANG_WARN__DUPLICATE_METHOD_MATCH = YES;
				COPY_PHASE_STRIP = NO;
				DEBUG_INFORMATION_FORMAT = "dwarf-with-dsym";
				ENABLE_NS_ASSERTIONS = NO;
				ENABLE_STRICT_OBJC_MSGSEND = YES;
				GCC_C_LANGUAGE_STANDARD = gnu11;
				GCC_NO_COMMON_BLOCKS = YES;
				GCC_WARN_64_TO_32_BIT_CONVERSION = YES;
				GCC_WARN_ABOUT_RETURN_TYPE = YES_ERROR;
				GCC_WARN_UNDECLARED_SELECTOR = YES;
				GCC_WARN_UNINITIALIZED_AUTOS = YES_AGGRESSIVE;
				GCC_WARN_UNUSED_FUNCTION = YES;
				GCC_WARN_UNUSED_VARIABLE = YES;
				IPHONEOS_DEPLOYMENT_TARGET = 14.4;
				MTL_ENABLE_DEBUG_INFO = NO;
				MTL_FAST_MATH = YES;
				SDKROOT = iphoneos;
				SWIFT_COMPILATION_MODE = wholemodule;
				SWIFT_OPTIMIZATION_LEVEL = "-O";
				VALIDATE_PRODUCT = YES;
			};
			name = Release;
		};
		9FDDE9D826086C0700C1FE9E /* Debug */ = {
			isa = XCBuildConfiguration;
			buildSettings = {
				ASSETCATALOG_COMPILER_APPICON_NAME = AppIcon;
				ASSETCATALOG_COMPILER_GLOBAL_ACCENT_COLOR_NAME = AccentColor;
				CODE_SIGN_STYLE = Automatic;
				INFOPLIST_FILE = PitchPerfect/Info.plist;
				LD_RUNPATH_SEARCH_PATHS = (
					"$(inherited)",
					"@executable_path/Frameworks",
				);
				PRODUCT_BUNDLE_IDENTIFIER = Me.PitchPerfect;
				PRODUCT_NAME = "$(TARGET_NAME)";
				SWIFT_VERSION = 5.0;
				TARGETED_DEVICE_FAMILY = "1,2";
			};
			name = Debug;
		};
		9FDDE9D926086C0700C1FE9E /* Release */ = {
			isa = XCBuildConfiguration;
			buildSettings = {
				ASSETCATALOG_COMPILER_APPICON_NAME = AppIcon;
				ASSETCATALOG_COMPILER_GLOBAL_ACCENT_COLOR_NAME = AccentColor;
				CODE_SIGN_STYLE = Automatic;
				INFOPLIST_FILE = PitchPerfect/Info.plist;
				LD_RUNPATH_SEARCH_PATHS = (
					"$(inherited)",
					"@executable_path/Frameworks",
				);
				PRODUCT_BUNDLE_IDENTIFIER = Me.PitchPerfect;
				PRODUCT_NAME = "$(TARGET_NAME)";
				SWIFT_VERSION = 5.0;
				TARGETED_DEVICE_FAMILY = "1,2";
			};
			name = Release;
		};
		9FDDE9DB26086C0700C1FE9E /* Debug */ = {
			isa = XCBuildConfiguration;
			buildSettings = {
				ALWAYS_EMBED_SWIFT_STANDARD_LIBRARIES = YES;
				BUNDLE_LOADER = "$(TEST_HOST)";
				CODE_SIGN_STYLE = Automatic;
				INFOPLIST_FILE = PitchPerfectTests/Info.plist;
				IPHONEOS_DEPLOYMENT_TARGET = 14.4;
				LD_RUNPATH_SEARCH_PATHS = (
					"$(inherited)",
					"@executable_path/Frameworks",
					"@loader_path/Frameworks",
				);
				PRODUCT_BUNDLE_IDENTIFIER = Me.PitchPerfectTests;
				PRODUCT_NAME = "$(TARGET_NAME)";
				SWIFT_VERSION = 5.0;
				TARGETED_DEVICE_FAMILY = "1,2";
				TEST_HOST = "$(BUILT_PRODUCTS_DIR)/PitchPerfect.app/PitchPerfect";
			};
			name = Debug;
		};
		9FDDE9DC26086C0700C1FE9E /* Release */ = {
			isa = XCBuildConfiguration;
			buildSettings = {
				ALWAYS_EMBED_SWIFT_STANDARD_LIBRARIES = YES;
				BUNDLE_LOADER = "$(TEST_HOST)";
				CODE_SIGN_STYLE = Automatic;
				INFOPLIST_FILE = PitchPerfectTests/Info.plist;
				IPHONEOS_DEPLOYMENT_TARGET = 14.4;
				LD_RUNPATH_SEARCH_PATHS = (
					"$(inherited)",
					"@executable_path/Frameworks",
					"@loader_path/Frameworks",
				);
				PRODUCT_BUNDLE_IDENTIFIER = Me.PitchPerfectTests;
				PRODUCT_NAME = "$(TARGET_NAME)";
				SWIFT_VERSION = 5.0;
				TARGETED_DEVICE_FAMILY = "1,2";
				TEST_HOST = "$(BUILT_PRODUCTS_DIR)/PitchPerfect.app/PitchPerfect";
			};
			name = Release;
		};
		9FDDE9DE26086C0700C1FE9E /* Debug */ = {
			isa = XCBuildConfiguration;
			buildSettings = {
				ALWAYS_EMBED_SWIFT_STANDARD_LIBRARIES = YES;
				CODE_SIGN_STYLE = Automatic;
				INFOPLIST_FILE = PitchPerfectUITests/Info.plist;
				LD_RUNPATH_SEARCH_PATHS = (
					"$(inherited)",
					"@executable_path/Frameworks",
					"@loader_path/Frameworks",
				);
				PRODUCT_BUNDLE_IDENTIFIER = Me.PitchPerfectUITests;
				PRODUCT_NAME = "$(TARGET_NAME)";
				SWIFT_VERSION = 5.0;
				TARGETED_DEVICE_FAMILY = "1,2";
				TEST_TARGET_NAME = PitchPerfect;
			};
			name = Debug;
		};
		9FDDE9DF26086C0700C1FE9E /* Release */ = {
			isa = XCBuildConfiguration;
			buildSettings = {
				ALWAYS_EMBED_SWIFT_STANDARD_LIBRARIES = YES;
				CODE_SIGN_STYLE = Automatic;
				INFOPLIST_FILE = PitchPerfectUITests/Info.plist;
				LD_RUNPATH_SEARCH_PATHS = (
					"$(inherited)",
					"@executable_path/Frameworks",
					"@loader_path/Frameworks",
				);
				PRODUCT_BUNDLE_IDENTIFIER = Me.PitchPerfectUITests;
				PRODUCT_NAME = "$(TARGET_NAME)";
				SWIFT_VERSION = 5.0;
				TARGETED_DEVICE_FAMILY = "1,2";
				TEST_TARGET_NAME = PitchPerfect;
			};
			name = Release;
		};
/* End XCBuildConfiguration section */

/* Begin XCConfigurationList section */
		9FDDE9A826086C0500C1FE9E /* Build configuration list for PBXProject "PitchPerfect" */ = {
			isa = XCConfigurationList;
			buildConfigurations = (
				9FDDE9D526086C0700C1FE9E /* Debug */,
				9FDDE9D626086C0700C1FE9E /* Release */,
			);
			defaultConfigurationIsVisible = 0;
			defaultConfigurationName = Release;
		};
		9FDDE9D726086C0700C1FE9E /* Build configuration list for PBXNativeTarget "PitchPerfect" */ = {
			isa = XCConfigurationList;
			buildConfigurations = (
				9FDDE9D826086C0700C1FE9E /* Debug */,
				9FDDE9D926086C0700C1FE9E /* Release */,
			);
			defaultConfigurationIsVisible = 0;
			defaultConfigurationName = Release;
		};
		9FDDE9DA26086C0700C1FE9E /* Build configuration list for PBXNativeTarget "PitchPerfectTests" */ = {
			isa = XCConfigurationList;
			buildConfigurations = (
				9FDDE9DB26086C0700C1FE9E /* Debug */,
				9FDDE9DC26086C0700C1FE9E /* Release */,
			);
			defaultConfigurationIsVisible = 0;
			defaultConfigurationName = Release;
		};
		9FDDE9DD26086C0700C1FE9E /* Build configuration list for PBXNativeTarget "PitchPerfectUITests" */ = {
			isa = XCConfigurationList;
			buildConfigurations = (
				9FDDE9DE26086C0700C1FE9E /* Debug */,
				9FDDE9DF26086C0700C1FE9E /* Release */,
			);
			defaultConfigurationIsVisible = 0;
			defaultConfigurationName = Release;
		};
/* End XCConfigurationList section */
	};
	rootObject = 9FDDE9A526086C0500C1FE9E /* Project object */;
}
